
Microsoft Visual Studio Solution File, Format Version 12.00
# Visual Studio 15
VisualStudioVersion = 15.0.28307.489
MinimumVisualStudioVersion = 10.0.40219.1
Project("{FAE04EC0-301F-11D3-BF4B-00C04F79EFBC}") = "ResutrantMVC", "ResutrantMVC\ResutrantMVC.csproj", "{DDE14038-BB54-4222-9879-DDC1620573AD}"
EndProject
Global
	GlobalSection(SolutionConfigurationPlatforms) = preSolution
		Debug|Any CPU = Debug|Any CPU
		Release|Any CPU = Release|Any CPU
	EndGlobalSection
	GlobalSection(ProjectConfigurationPlatforms) = postSolution
		{DDE14038-BB54-4222-9879-DDC1620573AD}.Debug|Any CPU.ActiveCfg = Debug|Any CPU
		{DDE14038-BB54-4222-9879-DDC1620573AD}.Debug|Any CPU.Build.0 = Debug|Any CPU
		{DDE14038-BB54-4222-9879-DDC1620573AD}.Release|Any CPU.ActiveCfg = Release|Any CPU
		{DDE14038-BB54-4222-9879-DDC1620573AD}.Release|Any CPU.Build.0 = Release|Any CPU
	EndGlobalSection
	GlobalSection(SolutionProperties) = preSolution
		HideSolutionNode = FALSE
	EndGlobalSection
	GlobalSection(ExtensibilityGlobals) = postSolution
		SolutionGuid = {55CEB8FD-0951-401A-AC69-F88A8E5C2826}
	EndGlobalSection
EndGlobal
